# This file is autogenerated, do not edit; changes may be undone by the next 'dep ensure'.


[[projects]]
  branch = "master"
  name = "github.com/b4b4r07/go-finder"
  packages = [
    ".",
    "installer",
    "source"
  ]
  revision = "81b460ffb72afd528291772ced7cbdd4420067e2"

[[projects]]
  name = "github.com/pkg/errors"
  packages = ["."]
  revision = "645ef00459ed84a119197bfb8d8205042c6df63d"
  version = "v0.8.0"

[solve-meta]
  analyzer-name = "dep"
  analyzer-version = 1
  inputs-digest = "9095617f9ae65ffbb12b1429bb75dcd2b52d953bfa46b6b22208dd15cd0826f2"
  solver-name = "gps-cdcl"
  solver-version = 1
